// !$*UTF8*$!
{
	archiveVersion = 1;
	classes = {
	};
	objectVersion = 56;
	objects = {

/* Begin PBXBuildFile section */
		35B7581229AA409400C94902 /* moonAR.scnassets in Resources */ = {isa = PBXBuildFile; fileRef = 35B7581129AA409300C94902 /* moonAR.scnassets */; };
		35B7581429AA41FE00C94902 /* MoonViewController.swift in Sources */ = {isa = PBXBuildFile; fileRef = 35B7581329AA41FE00C94902 /* MoonViewController.swift */; };
		35C2F2802976CA7B0015860F /* MoonlightApp.swift in Sources */ = {isa = PBXBuildFile; fileRef = 35C2F27F2976CA7B0015860F /* MoonlightApp.swift */; };
		35C2F2822976CA7B0015860F /* MainContentView.swift in Sources */ = {isa = PBXBuildFile; fileRef = 35C2F2812976CA7B0015860F /* MainContentView.swift */; };
		35C2F2842976CA7F0015860F /* Assets.xcassets in Resources */ = {isa = PBXBuildFile; fileRef = 35C2F2832976CA7F0015860F /* Assets.xcassets */; };
		35C2F2872976CA7F0015860F /* Preview Assets.xcassets in Resources */ = {isa = PBXBuildFile; fileRef = 35C2F2862976CA7F0015860F /* Preview Assets.xcassets */; };
		35C2F2912976CA7F0015860F /* MoonlightTests.swift in Sources */ = {isa = PBXBuildFile; fileRef = 35C2F2902976CA7F0015860F /* MoonlightTests.swift */; };
		35C2F29B2976CA7F0015860F /* MoonlightUITests.swift in Sources */ = {isa = PBXBuildFile; fileRef = 35C2F29A2976CA7F0015860F /* MoonlightUITests.swift */; };
		35C2F29D2976CA7F0015860F /* MoonlightUITestsLaunchTests.swift in Sources */ = {isa = PBXBuildFile; fileRef = 35C2F29C2976CA7F0015860F /* MoonlightUITestsLaunchTests.swift */; };
		35C2F2AF2976CC690015860F /* MoonlightViewModel.swift in Sources */ = {isa = PBXBuildFile; fileRef = 35C2F2AE2976CC690015860F /* MoonlightViewModel.swift */; };
		35C2F2B32976CCC40015860F /* AnimatedSplashScreen.swift in Sources */ = {isa = PBXBuildFile; fileRef = 35C2F2B22976CCC40015860F /* AnimatedSplashScreen.swift */; };
		35C2F2B62976DA330015860F /* View+Extensions.swift in Sources */ = {isa = PBXBuildFile; fileRef = 35C2F2B52976DA330015860F /* View+Extensions.swift */; };
		35C2F2B92977EF010015860F /* moonPhase1@2x.jpg in Resources */ = {isa = PBXBuildFile; fileRef = 35C2F2B72977EF010015860F /* moonPhase1@2x.jpg */; };
		35C2F2BA2977EF010015860F /* moonPhase1@3x.jpg in Resources */ = {isa = PBXBuildFile; fileRef = 35C2F2B82977EF010015860F /* moonPhase1@3x.jpg */; };
		35C2F2DD2977FED40015860F /* MoonView.swift in Sources */ = {isa = PBXBuildFile; fileRef = 35C2F2DC2977FED40015860F /* MoonView.swift */; };
		35C2F2DF2977FF710015860F /* moonVideo.mov in Resources */ = {isa = PBXBuildFile; fileRef = 35C2F2DE2977FF710015860F /* moonVideo.mov */; };
		35C2F2E3297935030015860F /* Date+Extensions.swift in Sources */ = {isa = PBXBuildFile; fileRef = 35C2F2E2297935030015860F /* Date+Extensions.swift */; };
		35C2F2E52979AFAC0015860F /* Int+Extensions.swift in Sources */ = {isa = PBXBuildFile; fileRef = 35C2F2E42979AFAC0015860F /* Int+Extensions.swift */; };
/* End PBXBuildFile section */

/* Begin PBXContainerItemProxy section */
		35C2F28D2976CA7F0015860F /* PBXContainerItemProxy */ = {
			isa = PBXContainerItemProxy;
			containerPortal = 35C2F2742976CA7B0015860F /* Project object */;
			proxyType = 1;
			remoteGlobalIDString = 35C2F27B2976CA7B0015860F;
			remoteInfo = Moonlight;
		};
		35C2F2972976CA7F0015860F /* PBXContainerItemProxy */ = {
			isa = PBXContainerItemProxy;
			containerPortal = 35C2F2742976CA7B0015860F /* Project object */;
			proxyType = 1;
			remoteGlobalIDString = 35C2F27B2976CA7B0015860F;
			remoteInfo = Moonlight;
		};
/* End PBXContainerItemProxy section */

/* Begin PBXFileReference section */
		35B7581129AA409300C94902 /* moonAR.scnassets */ = {isa = PBXFileReference; lastKnownFileType = wrapper.scnassets; path = moonAR.scnassets; sourceTree = "<group>"; };
		35B7581329AA41FE00C94902 /* MoonViewController.swift */ = {isa = PBXFileReference; lastKnownFileType = sourcecode.swift; path = MoonViewController.swift; sourceTree = "<group>"; };
		35C2F27C2976CA7B0015860F /* Moonlight.app */ = {isa = PBXFileReference; explicitFileType = wrapper.application; includeInIndex = 0; path = Moonlight.app; sourceTree = BUILT_PRODUCTS_DIR; };
		35C2F27F2976CA7B0015860F /* MoonlightApp.swift */ = {isa = PBXFileReference; lastKnownFileType = sourcecode.swift; path = MoonlightApp.swift; sourceTree = "<group>"; };
		35C2F2812976CA7B0015860F /* MainContentView.swift */ = {isa = PBXFileReference; lastKnownFileType = sourcecode.swift; path = MainContentView.swift; sourceTree = "<group>"; };
		35C2F2832976CA7F0015860F /* Assets.xcassets */ = {isa = PBXFileReference; lastKnownFileType = folder.assetcatalog; path = Assets.xcassets; sourceTree = "<group>"; };
		35C2F2862976CA7F0015860F /* Preview Assets.xcassets */ = {isa = PBXFileReference; lastKnownFileType = folder.assetcatalog; path = "Preview Assets.xcassets"; sourceTree = "<group>"; };
		35C2F28C2976CA7F0015860F /* MoonlightTests.xctest */ = {isa = PBXFileReference; explicitFileType = wrapper.cfbundle; includeInIndex = 0; path = MoonlightTests.xctest; sourceTree = BUILT_PRODUCTS_DIR; };
		35C2F2902976CA7F0015860F /* MoonlightTests.swift */ = {isa = PBXFileReference; lastKnownFileType = sourcecode.swift; path = MoonlightTests.swift; sourceTree = "<group>"; };
		35C2F2962976CA7F0015860F /* MoonlightUITests.xctest */ = {isa = PBXFileReference; explicitFileType = wrapper.cfbundle; includeInIndex = 0; path = MoonlightUITests.xctest; sourceTree = BUILT_PRODUCTS_DIR; };
		35C2F29A2976CA7F0015860F /* MoonlightUITests.swift */ = {isa = PBXFileReference; lastKnownFileType = sourcecode.swift; path = MoonlightUITests.swift; sourceTree = "<group>"; };
		35C2F29C2976CA7F0015860F /* MoonlightUITestsLaunchTests.swift */ = {isa = PBXFileReference; lastKnownFileType = sourcecode.swift; path = MoonlightUITestsLaunchTests.swift; sourceTree = "<group>"; };
		35C2F2AE2976CC690015860F /* MoonlightViewModel.swift */ = {isa = PBXFileReference; lastKnownFileType = sourcecode.swift; path = MoonlightViewModel.swift; sourceTree = "<group>"; };
		35C2F2B22976CCC40015860F /* AnimatedSplashScreen.swift */ = {isa = PBXFileReference; lastKnownFileType = sourcecode.swift; path = AnimatedSplashScreen.swift; sourceTree = "<group>"; };
		35C2F2B42976D09C0015860F /* Info.plist */ = {isa = PBXFileReference; lastKnownFileType = text.plist; path = Info.plist; sourceTree = "<group>"; };
		35C2F2B52976DA330015860F /* View+Extensions.swift */ = {isa = PBXFileReference; lastKnownFileType = sourcecode.swift; path = "View+Extensions.swift"; sourceTree = "<group>"; };
		35C2F2B72977EF010015860F /* moonPhase1@2x.jpg */ = {isa = PBXFileReference; lastKnownFileType = image.jpeg; name = "moonPhase1@2x.jpg"; path = "../../../../../Desktop/source/moonPhase1@2x.jpg"; sourceTree = "<group>"; };
		35C2F2B82977EF010015860F /* moonPhase1@3x.jpg */ = {isa = PBXFileReference; lastKnownFileType = image.jpeg; name = "moonPhase1@3x.jpg"; path = "../../../../../Desktop/source/moonPhase1@3x.jpg"; sourceTree = "<group>"; };
		35C2F2DC2977FED40015860F /* MoonView.swift */ = {isa = PBXFileReference; lastKnownFileType = sourcecode.swift; path = MoonView.swift; sourceTree = "<group>"; };
		35C2F2DE2977FF710015860F /* moonVideo.mov */ = {isa = PBXFileReference; lastKnownFileType = video.quicktime; path = moonVideo.mov; sourceTree = "<group>"; };
		35C2F2E2297935030015860F /* Date+Extensions.swift */ = {isa = PBXFileReference; lastKnownFileType = sourcecode.swift; path = "Date+Extensions.swift"; sourceTree = "<group>"; };
		35C2F2E42979AFAC0015860F /* Int+Extensions.swift */ = {isa = PBXFileReference; lastKnownFileType = sourcecode.swift; path = "Int+Extensions.swift"; sourceTree = "<group>"; };
/* End PBXFileReference section */

/* Begin PBXFrameworksBuildPhase section */
		35C2F2792976CA7B0015860F /* Frameworks */ = {
			isa = PBXFrameworksBuildPhase;
			buildActionMask = 2147483647;
			files = (
			);
			runOnlyForDeploymentPostprocessing = 0;
		};
		35C2F2892976CA7F0015860F /* Frameworks */ = {
			isa = PBXFrameworksBuildPhase;
			buildActionMask = 2147483647;
			files = (
			);
			runOnlyForDeploymentPostprocessing = 0;
		};
		35C2F2932976CA7F0015860F /* Frameworks */ = {
			isa = PBXFrameworksBuildPhase;
			buildActionMask = 2147483647;
			files = (
			);
			runOnlyForDeploymentPostprocessing = 0;
		};
/* End PBXFrameworksBuildPhase section */

/* Begin PBXGroup section */
		35C2F2732976CA7B0015860F = {
			isa = PBXGroup;
			children = (
				35C2F27E2976CA7B0015860F /* Moonlight */,
				35C2F28F2976CA7F0015860F /* MoonlightTests */,
				35C2F2992976CA7F0015860F /* MoonlightUITests */,
				35C2F27D2976CA7B0015860F /* Products */,
			);
			sourceTree = "<group>";
		};
		35C2F27D2976CA7B0015860F /* Products */ = {
			isa = PBXGroup;
			children = (
				35C2F27C2976CA7B0015860F /* Moonlight.app */,
				35C2F28C2976CA7F0015860F /* MoonlightTests.xctest */,
				35C2F2962976CA7F0015860F /* MoonlightUITests.xctest */,
			);
			name = Products;
			sourceTree = "<group>";
		};
		35C2F27E2976CA7B0015860F /* Moonlight */ = {
			isa = PBXGroup;
			children = (
				35C2F2B42976D09C0015860F /* Info.plist */,
				35C2F2AB2976CB480015860F /* Application */,
				35C2F2A92976CB470015860F /* Scenes */,
				35C2F2AA2976CB480015860F /* Utils */,
				35C2F2AD2976CB860015860F /* Resources */,
				35C2F2852976CA7F0015860F /* Preview Content */,
			);
			path = Moonlight;
			sourceTree = "<group>";
		};
		35C2F2852976CA7F0015860F /* Preview Content */ = {
			isa = PBXGroup;
			children = (
				35C2F2862976CA7F0015860F /* Preview Assets.xcassets */,
			);
			path = "Preview Content";
			sourceTree = "<group>";
		};
		35C2F28F2976CA7F0015860F /* MoonlightTests */ = {
			isa = PBXGroup;
			children = (
				35C2F2902976CA7F0015860F /* MoonlightTests.swift */,
			);
			path = MoonlightTests;
			sourceTree = "<group>";
		};
		35C2F2992976CA7F0015860F /* MoonlightUITests */ = {
			isa = PBXGroup;
			children = (
				35C2F2B72977EF010015860F /* moonPhase1@2x.jpg */,
				35C2F2B82977EF010015860F /* moonPhase1@3x.jpg */,
				35C2F29A2976CA7F0015860F /* MoonlightUITests.swift */,
				35C2F29C2976CA7F0015860F /* MoonlightUITestsLaunchTests.swift */,
			);
			path = MoonlightUITests;
			sourceTree = "<group>";
		};
		35C2F2A92976CB470015860F /* Scenes */ = {
			isa = PBXGroup;
			children = (
				35C2F2B02976CCB80015860F /* AnimatedSplashScreen */,
				35C2F2B12976CCB80015860F /* Main */,
			);
			path = Scenes;
			sourceTree = "<group>";
		};
		35C2F2AA2976CB480015860F /* Utils */ = {
			isa = PBXGroup;
			children = (
				35C2F2B52976DA330015860F /* View+Extensions.swift */,
				35C2F2E2297935030015860F /* Date+Extensions.swift */,
				35C2F2E42979AFAC0015860F /* Int+Extensions.swift */,
			);
			path = Utils;
			sourceTree = "<group>";
		};
		35C2F2AB2976CB480015860F /* Application */ = {
			isa = PBXGroup;
			children = (
				35C2F27F2976CA7B0015860F /* MoonlightApp.swift */,
			);
			path = Application;
			sourceTree = "<group>";
		};
		35C2F2AD2976CB860015860F /* Resources */ = {
			isa = PBXGroup;
			children = (
				35C2F2832976CA7F0015860F /* Assets.xcassets */,
				35B7581129AA409300C94902 /* moonAR.scnassets */,
				35C2F2DE2977FF710015860F /* moonVideo.mov */,
			);
			path = Resources;
			sourceTree = "<group>";
		};
		35C2F2B02976CCB80015860F /* AnimatedSplashScreen */ = {
			isa = PBXGroup;
			children = (
				35C2F2B22976CCC40015860F /* AnimatedSplashScreen.swift */,
			);
			path = AnimatedSplashScreen;
			sourceTree = "<group>";
		};
		35C2F2B12976CCB80015860F /* Main */ = {
			isa = PBXGroup;
			children = (
				35C2F2812976CA7B0015860F /* MainContentView.swift */,
				35C2F2DC2977FED40015860F /* MoonView.swift */,
				35B7581329AA41FE00C94902 /* MoonViewController.swift */,
				35C2F2AE2976CC690015860F /* MoonlightViewModel.swift */,
			);
			path = Main;
			sourceTree = "<group>";
		};
/* End PBXGroup section */

/* Begin PBXNativeTarget section */
		35C2F27B2976CA7B0015860F /* Moonlight */ = {
			isa = PBXNativeTarget;
			buildConfigurationList = 35C2F2A02976CA7F0015860F /* Build configuration list for PBXNativeTarget "Moonlight" */;
			buildPhases = (
				35C2F2782976CA7B0015860F /* Sources */,
				35C2F2792976CA7B0015860F /* Frameworks */,
				35C2F27A2976CA7B0015860F /* Resources */,
			);
			buildRules = (
			);
			dependencies = (
			);
			name = Moonlight;
			productName = Moonlight;
			productReference = 35C2F27C2976CA7B0015860F /* Moonlight.app */;
			productType = "com.apple.product-type.application";
		};
		35C2F28B2976CA7F0015860F /* MoonlightTests */ = {
			isa = PBXNativeTarget;
			buildConfigurationList = 35C2F2A32976CA7F0015860F /* Build configuration list for PBXNativeTarget "MoonlightTests" */;
			buildPhases = (
				35C2F2882976CA7F0015860F /* Sources */,
				35C2F2892976CA7F0015860F /* Frameworks */,
				35C2F28A2976CA7F0015860F /* Resources */,
			);
			buildRules = (
			);
			dependencies = (
				35C2F28E2976CA7F0015860F /* PBXTargetDependency */,
			);
			name = MoonlightTests;
			productName = MoonlightTests;
			productReference = 35C2F28C2976CA7F0015860F /* MoonlightTests.xctest */;
			productType = "com.apple.product-type.bundle.unit-test";
		};
		35C2F2952976CA7F0015860F /* MoonlightUITests */ = {
			isa = PBXNativeTarget;
			buildConfigurationList = 35C2F2A62976CA7F0015860F /* Build configuration list for PBXNativeTarget "MoonlightUITests" */;
			buildPhases = (
				35C2F2922976CA7F0015860F /* Sources */,
				35C2F2932976CA7F0015860F /* Frameworks */,
				35C2F2942976CA7F0015860F /* Resources */,
			);
			buildRules = (
			);
			dependencies = (
				35C2F2982976CA7F0015860F /* PBXTargetDependency */,
			);
			name = MoonlightUITests;
			productName = MoonlightUITests;
			productReference = 35C2F2962976CA7F0015860F /* MoonlightUITests.xctest */;
			productType = "com.apple.product-type.bundle.ui-testing";
		};
/* End PBXNativeTarget section */

/* Begin PBXProject section */
		35C2F2742976CA7B0015860F /* Project object */ = {
			isa = PBXProject;
			attributes = {
				BuildIndependentTargetsInParallel = 1;
				LastSwiftUpdateCheck = 1420;
				LastUpgradeCheck = 1420;
				TargetAttributes = {
					35C2F27B2976CA7B0015860F = {
						CreatedOnToolsVersion = 14.2;
					};
					35C2F28B2976CA7F0015860F = {
						CreatedOnToolsVersion = 14.2;
						TestTargetID = 35C2F27B2976CA7B0015860F;
					};
					35C2F2952976CA7F0015860F = {
						CreatedOnToolsVersion = 14.2;
						TestTargetID = 35C2F27B2976CA7B0015860F;
					};
				};
			};
			buildConfigurationList = 35C2F2772976CA7B0015860F /* Build configuration list for PBXProject "Moonlight" */;
			compatibilityVersion = "Xcode 14.0";
			developmentRegion = en;
			hasScannedForEncodings = 0;
			knownRegions = (
				en,
				Base,
			);
			mainGroup = 35C2F2732976CA7B0015860F;
			productRefGroup = 35C2F27D2976CA7B0015860F /* Products */;
			projectDirPath = "";
			projectRoot = "";
			targets = (
				35C2F27B2976CA7B0015860F /* Moonlight */,
				35C2F28B2976CA7F0015860F /* MoonlightTests */,
				35C2F2952976CA7F0015860F /* MoonlightUITests */,
			);
		};
/* End PBXProject section */

/* Begin PBXResourcesBuildPhase section */
		35C2F27A2976CA7B0015860F /* Resources */ = {
			isa = PBXResourcesBuildPhase;
			buildActionMask = 2147483647;
			files = (
				35C2F2872976CA7F0015860F /* Preview Assets.xcassets in Resources */,
				35B7581229AA409400C94902 /* moonAR.scnassets in Resources */,
				35C2F2842976CA7F0015860F /* Assets.xcassets in Resources */,
				35C2F2DF2977FF710015860F /* moonVideo.mov in Resources */,
			);
			runOnlyForDeploymentPostprocessing = 0;
		};
		35C2F28A2976CA7F0015860F /* Resources */ = {
			isa = PBXResourcesBuildPhase;
			buildActionMask = 2147483647;
			files = (
			);
			runOnlyForDeploymentPostprocessing = 0;
		};
		35C2F2942976CA7F0015860F /* Resources */ = {
			isa = PBXResourcesBuildPhase;
			buildActionMask = 2147483647;
			files = (
				35C2F2BA2977EF010015860F /* moonPhase1@3x.jpg in Resources */,
				35C2F2B92977EF010015860F /* moonPhase1@2x.jpg in Resources */,
			);
			runOnlyForDeploymentPostprocessing = 0;
		};
/* End PBXResourcesBuildPhase section */

/* Begin PBXSourcesBuildPhase section */
		35C2F2782976CA7B0015860F /* Sources */ = {
			isa = PBXSourcesBuildPhase;
			buildActionMask = 2147483647;
			files = (
				35B7581429AA41FE00C94902 /* MoonViewController.swift in Sources */,
				35C2F2E52979AFAC0015860F /* Int+Extensions.swift in Sources */,
				35C2F2AF2976CC690015860F /* MoonlightViewModel.swift in Sources */,
				35C2F2822976CA7B0015860F /* MainContentView.swift in Sources */,
				35C2F2E3297935030015860F /* Date+Extensions.swift in Sources */,
				35C2F2802976CA7B0015860F /* MoonlightApp.swift in Sources */,
				35C2F2B62976DA330015860F /* View+Extensions.swift in Sources */,
				35C2F2DD2977FED40015860F /* MoonView.swift in Sources */,
				35C2F2B32976CCC40015860F /* AnimatedSplashScreen.swift in Sources */,
			);
			runOnlyForDeploymentPostprocessing = 0;
		};
		35C2F2882976CA7F0015860F /* Sources */ = {
			isa = PBXSourcesBuildPhase;
			buildActionMask = 2147483647;
			files = (
				35C2F2912976CA7F0015860F /* MoonlightTests.swift in Sources */,
			);
			runOnlyForDeploymentPostprocessing = 0;
		};
		35C2F2922976CA7F0015860F /* Sources */ = {
			isa = PBXSourcesBuildPhase;
			buildActionMask = 2147483647;
			files = (
				35C2F29D2976CA7F0015860F /* MoonlightUITestsLaunchTests.swift in Sources */,
				35C2F29B2976CA7F0015860F /* MoonlightUITests.swift in Sources */,
			);
			runOnlyForDeploymentPostprocessing = 0;
		};
/* End PBXSourcesBuildPhase section */

/* Begin PBXTargetDependency section */
		35C2F28E2976CA7F0015860F /* PBXTargetDependency */ = {
			isa = PBXTargetDependency;
			target = 35C2F27B2976CA7B0015860F /* Moonlight */;
			targetProxy = 35C2F28D2976CA7F0015860F /* PBXContainerItemProxy */;
		};
		35C2F2982976CA7F0015860F /* PBXTargetDependency */ = {
			isa = PBXTargetDependency;
			target = 35C2F27B2976CA7B0015860F /* Moonlight */;
			targetProxy = 35C2F2972976CA7F0015860F /* PBXContainerItemProxy */;
		};
/* End PBXTargetDependency section */

/* Begin XCBuildConfiguration section */
		35C2F29E2976CA7F0015860F /* Debug */ = {
			isa = XCBuildConfiguration;
			buildSettings = {
				ALWAYS_SEARCH_USER_PATHS = NO;
				CLANG_ANALYZER_NONNULL = YES;
				CLANG_ANALYZER_NUMBER_OBJECT_CONVERSION = YES_AGGRESSIVE;
				CLANG_CXX_LANGUAGE_STANDARD = "gnu++20";
				CLANG_ENABLE_MODULES = YES;
				CLANG_ENABLE_OBJC_ARC = YES;
				CLANG_ENABLE_OBJC_WEAK = YES;
				CLANG_WARN_BLOCK_CAPTURE_AUTORELEASING = YES;
				CLANG_WARN_BOOL_CONVERSION = YES;
				CLANG_WARN_COMMA = YES;
				CLANG_WARN_CONSTANT_CONVERSION = YES;
				CLANG_WARN_DEPRECATED_OBJC_IMPLEMENTATIONS = YES;
				CLANG_WARN_DIRECT_OBJC_ISA_USAGE = YES_ERROR;
				CLANG_WARN_DOCUMENTATION_COMMENTS = YES;
				CLANG_WARN_EMPTY_BODY = YES;
				CLANG_WARN_ENUM_CONVERSION = YES;
				CLANG_WARN_INFINITE_RECURSION = YES;
				CLANG_WARN_INT_CONVERSION = YES;
				CLANG_WARN_NON_LITERAL_NULL_CONVERSION = YES;
				CLANG_WARN_OBJC_IMPLICIT_RETAIN_SELF = YES;
				CLANG_WARN_OBJC_LITERAL_CONVERSION = YES;
				CLANG_WARN_OBJC_ROOT_CLASS = YES_ERROR;
				CLANG_WARN_QUOTED_INCLUDE_IN_FRAMEWORK_HEADER = YES;
				CLANG_WARN_RANGE_LOOP_ANALYSIS = YES;
				CLANG_WARN_STRICT_PROTOTYPES = YES;
				CLANG_WARN_SUSPICIOUS_MOVE = YES;
				CLANG_WARN_UNGUARDED_AVAILABILITY = YES_AGGRESSIVE;
				CLANG_WARN_UNREACHABLE_CODE = YES;
				CLANG_WARN__DUPLICATE_METHOD_MATCH = YES;
				COPY_PHASE_STRIP = NO;
				DEBUG_INFORMATION_FORMAT = dwarf;
				ENABLE_STRICT_OBJC_MSGSEND = YES;
				ENABLE_TESTABILITY = YES;
				GCC_C_LANGUAGE_STANDARD = gnu11;
				GCC_DYNAMIC_NO_PIC = NO;
				GCC_NO_COMMON_BLOCKS = YES;
				GCC_OPTIMIZATION_LEVEL = 0;
				GCC_PREPROCESSOR_DEFINITIONS = (
					"DEBUG=1",
					"$(inherited)",
				);
				GCC_WARN_64_TO_32_BIT_CONVERSION = YES;
				GCC_WARN_ABOUT_RETURN_TYPE = YES_ERROR;
				GCC_WARN_UNDECLARED_SELECTOR = YES;
				GCC_WARN_UNINITIALIZED_AUTOS = YES_AGGRESSIVE;
				GCC_WARN_UNUSED_FUNCTION = YES;
				GCC_WARN_UNUSED_VARIABLE = YES;
				IPHONEOS_DEPLOYMENT_TARGET = 16.2;
				MTL_ENABLE_DEBUG_INFO = INCLUDE_SOURCE;
				MTL_FAST_MATH = YES;
				ONLY_ACTIVE_ARCH = YES;
				SDKROOT = iphoneos;
				SWIFT_ACTIVE_COMPILATION_CONDITIONS = DEBUG;
				SWIFT_OPTIMIZATION_LEVEL = "-Onone";
			};
			name = Debug;
		};
		35C2F29F2976CA7F0015860F /* Release */ = {
			isa = XCBuildConfiguration;
			buildSettings = {
				ALWAYS_SEARCH_USER_PATHS = NO;
				CLANG_ANALYZER_NONNULL = YES;
				CLANG_ANALYZER_NUMBER_OBJECT_CONVERSION = YES_AGGRESSIVE;
				CLANG_CXX_LANGUAGE_STANDARD = "gnu++20";
				CLANG_ENABLE_MODULES = YES;
				CLANG_ENABLE_OBJC_ARC = YES;
				CLANG_ENABLE_OBJC_WEAK = YES;
				CLANG_WARN_BLOCK_CAPTURE_AUTORELEASING = YES;
				CLANG_WARN_BOOL_CONVERSION = YES;
				CLANG_WARN_COMMA = YES;
				CLANG_WARN_CONSTANT_CONVERSION = YES;
				CLANG_WARN_DEPRECATED_OBJC_IMPLEMENTATIONS = YES;
				CLANG_WARN_DIRECT_OBJC_ISA_USAGE = YES_ERROR;
				CLANG_WARN_DOCUMENTATION_COMMENTS = YES;
				CLANG_WARN_EMPTY_BODY = YES;
				CLANG_WARN_ENUM_CONVERSION = YES;
				CLANG_WARN_INFINITE_RECURSION = YES;
				CLANG_WARN_INT_CONVERSION = YES;
				CLANG_WARN_NON_LITERAL_NULL_CONVERSION = YES;
				CLANG_WARN_OBJC_IMPLICIT_RETAIN_SELF = YES;
				CLANG_WARN_OBJC_LITERAL_CONVERSION = YES;
				CLANG_WARN_OBJC_ROOT_CLASS = YES_ERROR;
				CLANG_WARN_QUOTED_INCLUDE_IN_FRAMEWORK_HEADER = YES;
				CLANG_WARN_RANGE_LOOP_ANALYSIS = YES;
				CLANG_WARN_STRICT_PROTOTYPES = YES;
				CLANG_WARN_SUSPICIOUS_MOVE = YES;
				CLANG_WARN_UNGUARDED_AVAILABILITY = YES_AGGRESSIVE;
				CLANG_WARN_UNREACHABLE_CODE = YES;
				CLANG_WARN__DUPLICATE_METHOD_MATCH = YES;
				COPY_PHASE_STRIP = NO;
				DEBUG_INFORMATION_FORMAT = "dwarf-with-dsym";
				ENABLE_NS_ASSERTIONS = NO;
				ENABLE_STRICT_OBJC_MSGSEND = YES;
				GCC_C_LANGUAGE_STANDARD = gnu11;
				GCC_NO_COMMON_BLOCKS = YES;
				GCC_WARN_64_TO_32_BIT_CONVERSION = YES;
				GCC_WARN_ABOUT_RETURN_TYPE = YES_ERROR;
				GCC_WARN_UNDECLARED_SELECTOR = YES;
				GCC_WARN_UNINITIALIZED_AUTOS = YES_AGGRESSIVE;
				GCC_WARN_UNUSED_FUNCTION = YES;
				GCC_WARN_UNUSED_VARIABLE = YES;
				IPHONEOS_DEPLOYMENT_TARGET = 16.2;
				MTL_ENABLE_DEBUG_INFO = NO;
				MTL_FAST_MATH = YES;
				SDKROOT = iphoneos;
				SWIFT_COMPILATION_MODE = wholemodule;
				SWIFT_OPTIMIZATION_LEVEL = "-O";
				VALIDATE_PRODUCT = YES;
			};
			name = Release;
		};
		35C2F2A12976CA7F0015860F /* Debug */ = {
			isa = XCBuildConfiguration;
			buildSettings = {
				ASSETCATALOG_COMPILER_APPICON_NAME = AppIcon;
				ASSETCATALOG_COMPILER_GLOBAL_ACCENT_COLOR_NAME = AccentColor;
				CODE_SIGN_STYLE = Automatic;
				CURRENT_PROJECT_VERSION = 1;
				DEVELOPMENT_ASSET_PATHS = "\"Moonlight/Preview Content\"";
				DEVELOPMENT_TEAM = 4N3M37Y7LY;
				ENABLE_PREVIEWS = YES;
				GENERATE_INFOPLIST_FILE = YES;
				INFOPLIST_FILE = Moonlight/Info.plist;
				INFOPLIST_KEY_NSCameraUsageDescription = "This app uses your camera for AR moon position showing";
				INFOPLIST_KEY_UIApplicationSceneManifest_Generation = YES;
				INFOPLIST_KEY_UIApplicationSupportsIndirectInputEvents = YES;
				INFOPLIST_KEY_UIStatusBarHidden = YES;
				INFOPLIST_KEY_UIStatusBarStyle = UIStatusBarStyleDarkContent;
				INFOPLIST_KEY_UISupportedInterfaceOrientations = UIInterfaceOrientationPortrait;
				INFOPLIST_KEY_UISupportedInterfaceOrientations_iPad = "UIInterfaceOrientationLandscapeLeft UIInterfaceOrientationLandscapeRight UIInterfaceOrientationPortrait UIInterfaceOrientationPortraitUpsideDown";
				INFOPLIST_KEY_UIUserInterfaceStyle = Dark;
				IPHONEOS_DEPLOYMENT_TARGET = 14.0;
				LD_RUNPATH_SEARCH_PATHS = (
					"$(inherited)",
					"@executable_path/Frameworks",
				);
				MARKETING_VERSION = 1.0;
				PRODUCT_BUNDLE_IDENTIFIER = world.newdigital.Moonlight;
				PRODUCT_NAME = "$(TARGET_NAME)";
				SUPPORTED_PLATFORMS = "iphoneos iphonesimulator";
				SUPPORTS_MACCATALYST = NO;
				SUPPORTS_MAC_DESIGNED_FOR_IPHONE_IPAD = NO;
				SWIFT_EMIT_LOC_STRINGS = YES;
				SWIFT_VERSION = 5.0;
				TARGETED_DEVICE_FAMILY = 1;
			};
			name = Debug;
		};
		35C2F2A22976CA7F0015860F /* Release */ = {
			isa = XCBuildConfiguration;
			buildSettings = {
				ASSETCATALOG_COMPILER_APPICON_NAME = AppIcon;
				ASSETCATALOG_COMPILER_GLOBAL_ACCENT_COLOR_NAME = AccentColor;
				CODE_SIGN_STYLE = Automatic;
				CURRENT_PROJECT_VERSION = 1;
				DEVELOPMENT_ASSET_PATHS = "\"Moonlight/Preview Content\"";
				DEVELOPMENT_TEAM = 4N3M37Y7LY;
				ENABLE_PREVIEWS = YES;
				GENERATE_INFOPLIST_FILE = YES;
				INFOPLIST_FILE = Moonlight/Info.plist;
				INFOPLIST_KEY_NSCameraUsageDescription = "This app uses your camera for AR moon position showing";
				INFOPLIST_KEY_UIApplicationSceneManifest_Generation = YES;
				INFOPLIST_KEY_UIApplicationSupportsIndirectInputEvents = YES;
				INFOPLIST_KEY_UIStatusBarHidden = YES;
				INFOPLIST_KEY_UIStatusBarStyle = UIStatusBarStyleDarkContent;
				INFOPLIST_KEY_UISupportedInterfaceOrientations = UIInterfaceOrientationPortrait;
				INFOPLIST_KEY_UISupportedInterfaceOrientations_iPad = "UIInterfaceOrientationLandscapeLeft UIInterfaceOrientationLandscapeRight UIInterfaceOrientationPortrait UIInterfaceOrientationPortraitUpsideDown";
				INFOPLIST_KEY_UIUserInterfaceStyle = Dark;
				IPHONEOS_DEPLOYMENT_TARGET = 14.0;
				LD_RUNPATH_SEARCH_PATHS = (
					"$(inherited)",
					"@executable_path/Frameworks",
				);
				MARKETING_VERSION = 1.0;
				PRODUCT_BUNDLE_IDENTIFIER = world.newdigital.Moonlight;
				PRODUCT_NAME = "$(TARGET_NAME)";
				SUPPORTED_PLATFORMS = "iphoneos iphonesimulator";
				SUPPORTS_MACCATALYST = NO;
				SUPPORTS_MAC_DESIGNED_FOR_IPHONE_IPAD = NO;
				SWIFT_EMIT_LOC_STRINGS = YES;
				SWIFT_VERSION = 5.0;
				TARGETED_DEVICE_FAMILY = 1;
			};
			name = Release;
		};
		35C2F2A42976CA7F0015860F /* Debug */ = {
			isa = XCBuildConfiguration;
			buildSettings = {
				ALWAYS_EMBED_SWIFT_STANDARD_LIBRARIES = YES;
				BUNDLE_LOADER = "$(TEST_HOST)";
				CODE_SIGN_STYLE = Automatic;
				CURRENT_PROJECT_VERSION = 1;
				DEVELOPMENT_TEAM = 4N3M37Y7LY;
				GENERATE_INFOPLIST_FILE = YES;
				IPHONEOS_DEPLOYMENT_TARGET = 16.2;
				MARKETING_VERSION = 1.0;
				PRODUCT_BUNDLE_IDENTIFIER = world.newdigital.MoonlightTests;
				PRODUCT_NAME = "$(TARGET_NAME)";
				SWIFT_EMIT_LOC_STRINGS = NO;
				SWIFT_VERSION = 5.0;
				TARGETED_DEVICE_FAMILY = "1,2";
				TEST_HOST = "$(BUILT_PRODUCTS_DIR)/Moonlight.app/$(BUNDLE_EXECUTABLE_FOLDER_PATH)/Moonlight";
			};
			name = Debug;
		};
		35C2F2A52976CA7F0015860F /* Release */ = {
			isa = XCBuildConfiguration;
			buildSettings = {
				ALWAYS_EMBED_SWIFT_STANDARD_LIBRARIES = YES;
				BUNDLE_LOADER = "$(TEST_HOST)";
				CODE_SIGN_STYLE = Automatic;
				CURRENT_PROJECT_VERSION = 1;
				DEVELOPMENT_TEAM = 4N3M37Y7LY;
				GENERATE_INFOPLIST_FILE = YES;
				IPHONEOS_DEPLOYMENT_TARGET = 16.2;
				MARKETING_VERSION = 1.0;
				PRODUCT_BUNDLE_IDENTIFIER = world.newdigital.MoonlightTests;
				PRODUCT_NAME = "$(TARGET_NAME)";
				SWIFT_EMIT_LOC_STRINGS = NO;
				SWIFT_VERSION = 5.0;
				TARGETED_DEVICE_FAMILY = "1,2";
				TEST_HOST = "$(BUILT_PRODUCTS_DIR)/Moonlight.app/$(BUNDLE_EXECUTABLE_FOLDER_PATH)/Moonlight";
			};
			name = Release;
		};
		35C2F2A72976CA7F0015860F /* Debug */ = {
			isa = XCBuildConfiguration;
			buildSettings = {
				ALWAYS_EMBED_SWIFT_STANDARD_LIBRARIES = YES;
				CODE_SIGN_STYLE = Automatic;
				CURRENT_PROJECT_VERSION = 1;
				DEVELOPMENT_TEAM = 4N3M37Y7LY;
				GENERATE_INFOPLIST_FILE = YES;
				MARKETING_VERSION = 1.0;
				PRODUCT_BUNDLE_IDENTIFIER = world.newdigital.MoonlightUITests;
				PRODUCT_NAME = "$(TARGET_NAME)";
				SWIFT_EMIT_LOC_STRINGS = NO;
				SWIFT_VERSION = 5.0;
				TARGETED_DEVICE_FAMILY = "1,2";
				TEST_TARGET_NAME = Moonlight;
			};
			name = Debug;
		};
		35C2F2A82976CA7F0015860F /* Release */ = {
			isa = XCBuildConfiguration;
			buildSettings = {
				ALWAYS_EMBED_SWIFT_STANDARD_LIBRARIES = YES;
				CODE_SIGN_STYLE = Automatic;
				CURRENT_PROJECT_VERSION = 1;
				DEVELOPMENT_TEAM = 4N3M37Y7LY;
				GENERATE_INFOPLIST_FILE = YES;
				MARKETING_VERSION = 1.0;
				PRODUCT_BUNDLE_IDENTIFIER = world.newdigital.MoonlightUITests;
				PRODUCT_NAME = "$(TARGET_NAME)";
				SWIFT_EMIT_LOC_STRINGS = NO;
				SWIFT_VERSION = 5.0;
				TARGETED_DEVICE_FAMILY = "1,2";
				TEST_TARGET_NAME = Moonlight;
			};
			name = Release;
		};
/* End XCBuildConfiguration section */

/* Begin XCConfigurationList section */
		35C2F2772976CA7B0015860F /* Build configuration list for PBXProject "Moonlight" */ = {
			isa = XCConfigurationList;
			buildConfigurations = (
				35C2F29E2976CA7F0015860F /* Debug */,
				35C2F29F2976CA7F0015860F /* Release */,
			);
			defaultConfigurationIsVisible = 0;
			defaultConfigurationName = Release;
		};
		35C2F2A02976CA7F0015860F /* Build configuration list for PBXNativeTarget "Moonlight" */ = {
			isa = XCConfigurationList;
			buildConfigurations = (
				35C2F2A12976CA7F0015860F /* Debug */,
				35C2F2A22976CA7F0015860F /* Release */,
			);
			defaultConfigurationIsVisible = 0;
			defaultConfigurationName = Release;
		};
		35C2F2A32976CA7F0015860F /* Build configuration list for PBXNativeTarget "MoonlightTests" */ = {
			isa = XCConfigurationList;
			buildConfigurations = (
				35C2F2A42976CA7F0015860F /* Debug */,
				35C2F2A52976CA7F0015860F /* Release */,
			);
			defaultConfigurationIsVisible = 0;
			defaultConfigurationName = Release;
		};
		35C2F2A62976CA7F0015860F /* Build configuration list for PBXNativeTarget "MoonlightUITests" */ = {
			isa = XCConfigurationList;
			buildConfigurations = (
				35C2F2A72976CA7F0015860F /* Debug */,
				35C2F2A82976CA7F0015860F /* Release */,
			);
			defaultConfigurationIsVisible = 0;
			defaultConfigurationName = Release;
		};
/* End XCConfigurationList section */
	};
	rootObject = 35C2F2742976CA7B0015860F /* Project object */;
}
